// !$*UTF8*$!
{
	archiveVersion = 1;
	classes = {
	};
	objectVersion = 52;
	objects = {

/* Begin PBXBuildFile section */
		BA00718D26508564001DFFCB /* Debug.xcconfig in Resources */ = {isa = PBXBuildFile; fileRef = BA00718926508564001DFFCB /* Debug.xcconfig */; };
		BA00718E26508564001DFFCB /* Release.xcconfig in Resources */ = {isa = PBXBuildFile; fileRef = BA00718A26508564001DFFCB /* Release.xcconfig */; };
		BA00718F26508564001DFFCB /* Debug-Secret.xcconfig in Resources */ = {isa = PBXBuildFile; fileRef = BA00718B26508564001DFFCB /* Debug-Secret.xcconfig */; };
		BA00719026508564001DFFCB /* Release-Secret.xcconfig in Resources */ = {isa = PBXBuildFile; fileRef = BA00718C26508564001DFFCB /* Release-Secret.xcconfig */; };
		BA00719F2650886C001DFFCB /* OAuth.swift in Sources */ = {isa = PBXBuildFile; fileRef = BA00719E2650886C001DFFCB /* OAuth.swift */; };
		BA0071A826509001001DFFCB /* Environment+Window.swift in Sources */ = {isa = PBXBuildFile; fileRef = BA0071A726509001001DFFCB /* Environment+Window.swift */; };
		BA0071E92650A401001DFFCB /* GoogleService-Info-dev.plist in Resources */ = {isa = PBXBuildFile; fileRef = BAD32C20264FC6E600DD7824 /* GoogleService-Info-dev.plist */; };
		BA0071F126511CFC001DFFCB /* LocalStore.swift in Sources */ = {isa = PBXBuildFile; fileRef = BA0071F026511CFC001DFFCB /* LocalStore.swift */; };
		BA0071FC26512C9C001DFFCB /* Credential.swift in Sources */ = {isa = PBXBuildFile; fileRef = BA0071FB26512C9C001DFFCB /* Credential.swift */; };
		BA00720226512D63001DFFCB /* ErrorLogger.swift in Sources */ = {isa = PBXBuildFile; fileRef = BA00720126512D63001DFFCB /* ErrorLogger.swift */; };
		BA00720B26512E89001DFFCB /* JSONCoder+Extension.swift in Sources */ = {isa = PBXBuildFile; fileRef = BA00720A26512E89001DFFCB /* JSONCoder+Extension.swift */; };
		BA00721D2651C99C001DFFCB /* notion in Frameworks */ = {isa = PBXBuildFile; productRef = BA00721C2651C99C001DFFCB /* notion */; };
		BA0B34C4264FA4F100774AA0 /* TransNotionApp.swift in Sources */ = {isa = PBXBuildFile; fileRef = BA0B34C3264FA4F100774AA0 /* TransNotionApp.swift */; };
		BA0B34C6264FA4F100774AA0 /* RootView.swift in Sources */ = {isa = PBXBuildFile; fileRef = BA0B34C5264FA4F100774AA0 /* RootView.swift */; };
		BA0B34C8264FA4F800774AA0 /* Assets.xcassets in Resources */ = {isa = PBXBuildFile; fileRef = BA0B34C7264FA4F800774AA0 /* Assets.xcassets */; };
		BA0B34CB264FA4F800774AA0 /* Preview Assets.xcassets in Resources */ = {isa = PBXBuildFile; fileRef = BA0B34CA264FA4F800774AA0 /* Preview Assets.xcassets */; };
		BA0B34D6264FA4F800774AA0 /* TransNotionTests.swift in Sources */ = {isa = PBXBuildFile; fileRef = BA0B34D5264FA4F800774AA0 /* TransNotionTests.swift */; };
		BA0B34E1264FA4F800774AA0 /* TransNotionUITests.swift in Sources */ = {isa = PBXBuildFile; fileRef = BA0B34E0264FA4F800774AA0 /* TransNotionUITests.swift */; };
		BACEC6BD264FF4AC0070D31B /* ContentView.swift in Sources */ = {isa = PBXBuildFile; fileRef = BACEC6BC264FF4AC0070D31B /* ContentView.swift */; };
		BACEC6C2264FF4B90070D31B /* LoginView.swift in Sources */ = {isa = PBXBuildFile; fileRef = BACEC6C1264FF4B90070D31B /* LoginView.swift */; };
		BACEC6CE264FF5030070D31B /* DatabasePathBuilder.swift in Sources */ = {isa = PBXBuildFile; fileRef = BACEC6C8264FF5020070D31B /* DatabasePathBuilder.swift */; };
		BACEC6CF264FF5030070D31B /* DatabaseEntity.swift in Sources */ = {isa = PBXBuildFile; fileRef = BACEC6C9264FF5020070D31B /* DatabaseEntity.swift */; };
		BACEC6D0264FF5030070D31B /* DocumentReference+Combine.swift in Sources */ = {isa = PBXBuildFile; fileRef = BACEC6CA264FF5020070D31B /* DocumentReference+Combine.swift */; };
		BACEC6D1264FF5030070D31B /* CollectionReference+Combine.swift in Sources */ = {isa = PBXBuildFile; fileRef = BACEC6CB264FF5020070D31B /* CollectionReference+Combine.swift */; };
		BACEC6D2264FF5030070D31B /* Database.swift in Sources */ = {isa = PBXBuildFile; fileRef = BACEC6CC264FF5020070D31B /* Database.swift */; };
		BACEC6D3264FF5030070D31B /* Auth.swift in Sources */ = {isa = PBXBuildFile; fileRef = BACEC6CD264FF5020070D31B /* Auth.swift */; };
		BACEC6DA264FF54B0070D31B /* Me.swift in Sources */ = {isa = PBXBuildFile; fileRef = BACEC6D8264FF54B0070D31B /* Me.swift */; };
		BACEC6DB264FF54B0070D31B /* User.swift in Sources */ = {isa = PBXBuildFile; fileRef = BACEC6D9264FF54B0070D31B /* User.swift */; };
		BACEC6E1264FF7EB0070D31B /* Color+Extension.swift in Sources */ = {isa = PBXBuildFile; fileRef = BACEC6E0264FF7EB0070D31B /* Color+Extension.swift */; };
		BACEC6EF264FF9430070D31B /* Localizable.strings in Resources */ = {isa = PBXBuildFile; fileRef = BACEC6F1264FF9430070D31B /* Localizable.strings */; };
		BAD32BE3264FC50B00DD7824 /* Secret.swift in Sources */ = {isa = PBXBuildFile; fileRef = BAD32BE2264FC50B00DD7824 /* Secret.swift */; };
		BAD32C3F264FCE5C00DD7824 /* FirebaseFirestoreSwift-Beta in Frameworks */ = {isa = PBXBuildFile; productRef = BAD32C3E264FCE5C00DD7824 /* FirebaseFirestoreSwift-Beta */; };
		BAD32C41264FCE5C00DD7824 /* FirebaseCrashlytics in Frameworks */ = {isa = PBXBuildFile; productRef = BAD32C40264FCE5C00DD7824 /* FirebaseCrashlytics */; };
		BAD32C43264FCE5C00DD7824 /* FirebaseAuth in Frameworks */ = {isa = PBXBuildFile; productRef = BAD32C42264FCE5C00DD7824 /* FirebaseAuth */; };
		BAD32C45264FCE5C00DD7824 /* FirebaseAnalyticsSwift-Beta in Frameworks */ = {isa = PBXBuildFile; productRef = BAD32C44264FCE5C00DD7824 /* FirebaseAnalyticsSwift-Beta */; };
		BAD32C47264FCE5C00DD7824 /* FirebaseFirestore in Frameworks */ = {isa = PBXBuildFile; productRef = BAD32C46264FCE5C00DD7824 /* FirebaseFirestore */; };
		BAD32C4D264FDDAB00DD7824 /* AppDelegate.swift in Sources */ = {isa = PBXBuildFile; fileRef = BAD32C4C264FDDAB00DD7824 /* AppDelegate.swift */; };
/* End PBXBuildFile section */

/* Begin PBXContainerItemProxy section */
		BA0B34D2264FA4F800774AA0 /* PBXContainerItemProxy */ = {
			isa = PBXContainerItemProxy;
			containerPortal = BA0B34B8264FA4F100774AA0 /* Project object */;
			proxyType = 1;
			remoteGlobalIDString = BA0B34BF264FA4F100774AA0;
			remoteInfo = TransNotion;
		};
		BA0B34DD264FA4F800774AA0 /* PBXContainerItemProxy */ = {
			isa = PBXContainerItemProxy;
			containerPortal = BA0B34B8264FA4F100774AA0 /* Project object */;
			proxyType = 1;
			remoteGlobalIDString = BA0B34BF264FA4F100774AA0;
			remoteInfo = TransNotion;
		};
/* End PBXContainerItemProxy section */

/* Begin PBXFileReference section */
		BA00718926508564001DFFCB /* Debug.xcconfig */ = {isa = PBXFileReference; fileEncoding = 4; lastKnownFileType = text.xcconfig; path = Debug.xcconfig; sourceTree = "<group>"; };
		BA00718A26508564001DFFCB /* Release.xcconfig */ = {isa = PBXFileReference; fileEncoding = 4; lastKnownFileType = text.xcconfig; path = Release.xcconfig; sourceTree = "<group>"; };
		BA00718B26508564001DFFCB /* Debug-Secret.xcconfig */ = {isa = PBXFileReference; fileEncoding = 4; lastKnownFileType = text.xcconfig; path = "Debug-Secret.xcconfig"; sourceTree = "<group>"; };
		BA00718C26508564001DFFCB /* Release-Secret.xcconfig */ = {isa = PBXFileReference; fileEncoding = 4; lastKnownFileType = text.xcconfig; path = "Release-Secret.xcconfig"; sourceTree = "<group>"; };
		BA00719E2650886C001DFFCB /* OAuth.swift */ = {isa = PBXFileReference; lastKnownFileType = sourcecode.swift; path = OAuth.swift; sourceTree = "<group>"; };
		BA0071A726509001001DFFCB /* Environment+Window.swift */ = {isa = PBXFileReference; lastKnownFileType = sourcecode.swift; path = "Environment+Window.swift"; sourceTree = "<group>"; };
		BA0071F026511CFC001DFFCB /* LocalStore.swift */ = {isa = PBXFileReference; lastKnownFileType = sourcecode.swift; path = LocalStore.swift; sourceTree = "<group>"; };
		BA0071FB26512C9C001DFFCB /* Credential.swift */ = {isa = PBXFileReference; lastKnownFileType = sourcecode.swift; path = Credential.swift; sourceTree = "<group>"; };
		BA00720126512D63001DFFCB /* ErrorLogger.swift */ = {isa = PBXFileReference; lastKnownFileType = sourcecode.swift; path = ErrorLogger.swift; sourceTree = "<group>"; };
		BA00720A26512E89001DFFCB /* JSONCoder+Extension.swift */ = {isa = PBXFileReference; lastKnownFileType = sourcecode.swift; path = "JSONCoder+Extension.swift"; sourceTree = "<group>"; };
		BA0B34C0264FA4F100774AA0 /* TransNotion.app */ = {isa = PBXFileReference; explicitFileType = wrapper.application; includeInIndex = 0; path = TransNotion.app; sourceTree = BUILT_PRODUCTS_DIR; };
		BA0B34C3264FA4F100774AA0 /* TransNotionApp.swift */ = {isa = PBXFileReference; lastKnownFileType = sourcecode.swift; path = TransNotionApp.swift; sourceTree = "<group>"; };
		BA0B34C5264FA4F100774AA0 /* RootView.swift */ = {isa = PBXFileReference; lastKnownFileType = sourcecode.swift; path = RootView.swift; sourceTree = "<group>"; };
		BA0B34C7264FA4F800774AA0 /* Assets.xcassets */ = {isa = PBXFileReference; lastKnownFileType = folder.assetcatalog; path = Assets.xcassets; sourceTree = "<group>"; };
		BA0B34CA264FA4F800774AA0 /* Preview Assets.xcassets */ = {isa = PBXFileReference; lastKnownFileType = folder.assetcatalog; path = "Preview Assets.xcassets"; sourceTree = "<group>"; };
		BA0B34CC264FA4F800774AA0 /* Info.plist */ = {isa = PBXFileReference; lastKnownFileType = text.plist.xml; path = Info.plist; sourceTree = "<group>"; };
		BA0B34D1264FA4F800774AA0 /* TransNotionTests.xctest */ = {isa = PBXFileReference; explicitFileType = wrapper.cfbundle; includeInIndex = 0; path = TransNotionTests.xctest; sourceTree = BUILT_PRODUCTS_DIR; };
		BA0B34D5264FA4F800774AA0 /* TransNotionTests.swift */ = {isa = PBXFileReference; lastKnownFileType = sourcecode.swift; path = TransNotionTests.swift; sourceTree = "<group>"; };
		BA0B34D7264FA4F800774AA0 /* Info.plist */ = {isa = PBXFileReference; lastKnownFileType = text.plist.xml; path = Info.plist; sourceTree = "<group>"; };
		BA0B34DC264FA4F800774AA0 /* TransNotionUITests.xctest */ = {isa = PBXFileReference; explicitFileType = wrapper.cfbundle; includeInIndex = 0; path = TransNotionUITests.xctest; sourceTree = BUILT_PRODUCTS_DIR; };
		BA0B34E0264FA4F800774AA0 /* TransNotionUITests.swift */ = {isa = PBXFileReference; lastKnownFileType = sourcecode.swift; path = TransNotionUITests.swift; sourceTree = "<group>"; };
		BA0B34E2264FA4F800774AA0 /* Info.plist */ = {isa = PBXFileReference; lastKnownFileType = text.plist.xml; path = Info.plist; sourceTree = "<group>"; };
		BACEC6BC264FF4AC0070D31B /* ContentView.swift */ = {isa = PBXFileReference; lastKnownFileType = sourcecode.swift; path = ContentView.swift; sourceTree = "<group>"; };
		BACEC6C1264FF4B90070D31B /* LoginView.swift */ = {isa = PBXFileReference; lastKnownFileType = sourcecode.swift; path = LoginView.swift; sourceTree = "<group>"; };
		BACEC6C8264FF5020070D31B /* DatabasePathBuilder.swift */ = {isa = PBXFileReference; fileEncoding = 4; lastKnownFileType = sourcecode.swift; path = DatabasePathBuilder.swift; sourceTree = "<group>"; };
		BACEC6C9264FF5020070D31B /* DatabaseEntity.swift */ = {isa = PBXFileReference; fileEncoding = 4; lastKnownFileType = sourcecode.swift; path = DatabaseEntity.swift; sourceTree = "<group>"; };
		BACEC6CA264FF5020070D31B /* DocumentReference+Combine.swift */ = {isa = PBXFileReference; fileEncoding = 4; lastKnownFileType = sourcecode.swift; path = "DocumentReference+Combine.swift"; sourceTree = "<group>"; };
		BACEC6CB264FF5020070D31B /* CollectionReference+Combine.swift */ = {isa = PBXFileReference; fileEncoding = 4; lastKnownFileType = sourcecode.swift; path = "CollectionReference+Combine.swift"; sourceTree = "<group>"; };
		BACEC6CC264FF5020070D31B /* Database.swift */ = {isa = PBXFileReference; fileEncoding = 4; lastKnownFileType = sourcecode.swift; path = Database.swift; sourceTree = "<group>"; };
		BACEC6CD264FF5020070D31B /* Auth.swift */ = {isa = PBXFileReference; fileEncoding = 4; lastKnownFileType = sourcecode.swift; path = Auth.swift; sourceTree = "<group>"; };
		BACEC6D8264FF54B0070D31B /* Me.swift */ = {isa = PBXFileReference; fileEncoding = 4; lastKnownFileType = sourcecode.swift; path = Me.swift; sourceTree = "<group>"; };
		BACEC6D9264FF54B0070D31B /* User.swift */ = {isa = PBXFileReference; fileEncoding = 4; lastKnownFileType = sourcecode.swift; path = User.swift; sourceTree = "<group>"; };
		BACEC6E0264FF7EB0070D31B /* Color+Extension.swift */ = {isa = PBXFileReference; lastKnownFileType = sourcecode.swift; path = "Color+Extension.swift"; sourceTree = "<group>"; };
		BACEC6F0264FF9430070D31B /* en */ = {isa = PBXFileReference; lastKnownFileType = text.plist.strings; name = en; path = en.lproj/Localizable.strings; sourceTree = "<group>"; };
		BACEC6F5264FF9690070D31B /* ja */ = {isa = PBXFileReference; lastKnownFileType = text.plist.strings; name = ja; path = ja.lproj/Localizable.strings; sourceTree = "<group>"; };
		BAD32BE2264FC50B00DD7824 /* Secret.swift */ = {isa = PBXFileReference; fileEncoding = 4; lastKnownFileType = sourcecode.swift; path = Secret.swift; sourceTree = "<group>"; };
		BAD32C20264FC6E600DD7824 /* GoogleService-Info-dev.plist */ = {isa = PBXFileReference; fileEncoding = 4; lastKnownFileType = text.plist.xml; path = "GoogleService-Info-dev.plist"; sourceTree = "<group>"; };
		BAD32C26264FC96000DD7824 /* Secret.swift.sample */ = {isa = PBXFileReference; fileEncoding = 4; lastKnownFileType = text; path = Secret.swift.sample; sourceTree = "<group>"; };
		BAD32C4C264FDDAB00DD7824 /* AppDelegate.swift */ = {isa = PBXFileReference; lastKnownFileType = sourcecode.swift; path = AppDelegate.swift; sourceTree = "<group>"; };
/* End PBXFileReference section */

/* Begin PBXFrameworksBuildPhase section */
		BA0B34BD264FA4F100774AA0 /* Frameworks */ = {
			isa = PBXFrameworksBuildPhase;
			buildActionMask = 2147483647;
			files = (
				BAD32C3F264FCE5C00DD7824 /* FirebaseFirestoreSwift-Beta in Frameworks */,
				BAD32C43264FCE5C00DD7824 /* FirebaseAuth in Frameworks */,
				BAD32C45264FCE5C00DD7824 /* FirebaseAnalyticsSwift-Beta in Frameworks */,
				BAD32C47264FCE5C00DD7824 /* FirebaseFirestore in Frameworks */,
				BAD32C41264FCE5C00DD7824 /* FirebaseCrashlytics in Frameworks */,
				BA00721D2651C99C001DFFCB /* notion in Frameworks */,
			);
			runOnlyForDeploymentPostprocessing = 0;
		};
		BA0B34CE264FA4F800774AA0 /* Frameworks */ = {
			isa = PBXFrameworksBuildPhase;
			buildActionMask = 2147483647;
			files = (
			);
			runOnlyForDeploymentPostprocessing = 0;
		};
		BA0B34D9264FA4F800774AA0 /* Frameworks */ = {
			isa = PBXFrameworksBuildPhase;
			buildActionMask = 2147483647;
			files = (
			);
			runOnlyForDeploymentPostprocessing = 0;
		};
/* End PBXFrameworksBuildPhase section */

/* Begin PBXGroup section */
		BA00719D26508863001DFFCB /* Auth */ = {
			isa = PBXGroup;
			children = (
				BACEC6CD264FF5020070D31B /* Auth.swift */,
				BA00719E2650886C001DFFCB /* OAuth.swift */,
			);
			path = Auth;
			sourceTree = "<group>";
		};
		BA0071A626508FFC001DFFCB /* Environment */ = {
			isa = PBXGroup;
			children = (
				BA0071A726509001001DFFCB /* Environment+Window.swift */,
			);
			path = Environment;
			sourceTree = "<group>";
		};
		BA0071ED26511CDB001DFFCB /* Remote */ = {
			isa = PBXGroup;
			children = (
				BACEC6C8264FF5020070D31B /* DatabasePathBuilder.swift */,
				BACEC6C9264FF5020070D31B /* DatabaseEntity.swift */,
				BACEC6CA264FF5020070D31B /* DocumentReference+Combine.swift */,
				BACEC6CB264FF5020070D31B /* CollectionReference+Combine.swift */,
				BACEC6CC264FF5020070D31B /* Database.swift */,
			);
			path = Remote;
			sourceTree = "<group>";
		};
		BA0071EE26511CED001DFFCB /* Local */ = {
			isa = PBXGroup;
			children = (
				BA0071F026511CFC001DFFCB /* LocalStore.swift */,
			);
			path = Local;
			sourceTree = "<group>";
		};
		BA00720026512D5D001DFFCB /* Logger */ = {
			isa = PBXGroup;
			children = (
				BA00720126512D63001DFFCB /* ErrorLogger.swift */,
			);
			path = Logger;
			sourceTree = "<group>";
		};
		BA00720926512E7E001DFFCB /* Extension */ = {
			isa = PBXGroup;
			children = (
				BA00720A26512E89001DFFCB /* JSONCoder+Extension.swift */,
			);
			path = Extension;
			sourceTree = "<group>";
		};
		BA0072212651C9B1001DFFCB /* Domain */ = {
			isa = PBXGroup;
			children = (
				BA0072252651C9B4001DFFCB /* Login */,
			);
			path = Domain;
			sourceTree = "<group>";
		};
		BA0072252651C9B4001DFFCB /* Login */ = {
			isa = PBXGroup;
			children = (
				BACEC6C1264FF4B90070D31B /* LoginView.swift */,
			);
			path = Login;
			sourceTree = "<group>";
		};
		BA0B34B7264FA4F100774AA0 = {
			isa = PBXGroup;
			children = (
				BA0B34C2264FA4F100774AA0 /* TransNotion */,
				BA0B34D4264FA4F800774AA0 /* TransNotionTests */,
				BA0B34DF264FA4F800774AA0 /* TransNotionUITests */,
				BA0B34C1264FA4F100774AA0 /* Products */,
			);
			sourceTree = "<group>";
		};
		BA0B34C1264FA4F100774AA0 /* Products */ = {
			isa = PBXGroup;
			children = (
				BA0B34C0264FA4F100774AA0 /* TransNotion.app */,
				BA0B34D1264FA4F800774AA0 /* TransNotionTests.xctest */,
				BA0B34DC264FA4F800774AA0 /* TransNotionUITests.xctest */,
			);
			name = Products;
			sourceTree = "<group>";
		};
		BA0B34C2264FA4F100774AA0 /* TransNotion */ = {
			isa = PBXGroup;
			children = (
				BA00720926512E7E001DFFCB /* Extension */,
				BA0071A626508FFC001DFFCB /* Environment */,
				BACEC6DF264FF7E10070D31B /* Style */,
				BACEC6D7264FF53A0070D31B /* Entity */,
				BACEC6C6264FF4ED0070D31B /* Service */,
				BA0B34CC264FA4F800774AA0 /* Info.plist */,
				BAD32C20264FC6E600DD7824 /* GoogleService-Info-dev.plist */,
				BAD32BE2264FC50B00DD7824 /* Secret.swift */,
				BAD32C26264FC96000DD7824 /* Secret.swift.sample */,
				BA0B34C3264FA4F100774AA0 /* TransNotionApp.swift */,
				BAD32C4C264FDDAB00DD7824 /* AppDelegate.swift */,
				BA0B34C5264FA4F100774AA0 /* RootView.swift */,
				BACEC6BC264FF4AC0070D31B /* ContentView.swift */,
				BA0072212651C9B1001DFFCB /* Domain */,
				BA0B34C7264FA4F800774AA0 /* Assets.xcassets */,
				BA00718B26508564001DFFCB /* Debug-Secret.xcconfig */,
				BA00718926508564001DFFCB /* Debug.xcconfig */,
				BA00718C26508564001DFFCB /* Release-Secret.xcconfig */,
				BA00718A26508564001DFFCB /* Release.xcconfig */,
				BA0B34C9264FA4F800774AA0 /* Preview Content */,
				BACEC6F1264FF9430070D31B /* Localizable.strings */,
			);
			path = TransNotion;
			sourceTree = "<group>";
		};
		BA0B34C9264FA4F800774AA0 /* Preview Content */ = {
			isa = PBXGroup;
			children = (
				BA0B34CA264FA4F800774AA0 /* Preview Assets.xcassets */,
			);
			path = "Preview Content";
			sourceTree = "<group>";
		};
		BA0B34D4264FA4F800774AA0 /* TransNotionTests */ = {
			isa = PBXGroup;
			children = (
				BA0B34D5264FA4F800774AA0 /* TransNotionTests.swift */,
				BA0B34D7264FA4F800774AA0 /* Info.plist */,
			);
			path = TransNotionTests;
			sourceTree = "<group>";
		};
		BA0B34DF264FA4F800774AA0 /* TransNotionUITests */ = {
			isa = PBXGroup;
			children = (
				BA0B34E0264FA4F800774AA0 /* TransNotionUITests.swift */,
				BA0B34E2264FA4F800774AA0 /* Info.plist */,
			);
			path = TransNotionUITests;
			sourceTree = "<group>";
		};
		BACEC6C6264FF4ED0070D31B /* Service */ = {
			isa = PBXGroup;
			children = (
				BA00720026512D5D001DFFCB /* Logger */,
				BA00719D26508863001DFFCB /* Auth */,
				BACEC6C7264FF5020070D31B /* Database */,
			);
			path = Service;
			sourceTree = "<group>";
		};
		BACEC6C7264FF5020070D31B /* Database */ = {
			isa = PBXGroup;
			children = (
				BA0071EE26511CED001DFFCB /* Local */,
				BA0071ED26511CDB001DFFCB /* Remote */,
			);
			path = Database;
			sourceTree = "<group>";
		};
		BACEC6D7264FF53A0070D31B /* Entity */ = {
			isa = PBXGroup;
			children = (
				BACEC6D8264FF54B0070D31B /* Me.swift */,
				BACEC6D9264FF54B0070D31B /* User.swift */,
				BA0071FB26512C9C001DFFCB /* Credential.swift */,
			);
			path = Entity;
			sourceTree = "<group>";
		};
		BACEC6DF264FF7E10070D31B /* Style */ = {
			isa = PBXGroup;
			children = (
				BACEC6E0264FF7EB0070D31B /* Color+Extension.swift */,
			);
			path = Style;
			sourceTree = "<group>";
		};
/* End PBXGroup section */

/* Begin PBXNativeTarget section */
		BA0B34BF264FA4F100774AA0 /* TransNotion */ = {
			isa = PBXNativeTarget;
			buildConfigurationList = BA0B34E5264FA4F800774AA0 /* Build configuration list for PBXNativeTarget "TransNotion" */;
			buildPhases = (
				BA0B34BC264FA4F100774AA0 /* Sources */,
				BA0B34BD264FA4F100774AA0 /* Frameworks */,
				BA0B34BE264FA4F100774AA0 /* Resources */,
			);
			buildRules = (
			);
			dependencies = (
			);
			name = TransNotion;
			packageProductDependencies = (
				BAD32C3E264FCE5C00DD7824 /* FirebaseFirestoreSwift-Beta */,
				BAD32C40264FCE5C00DD7824 /* FirebaseCrashlytics */,
				BAD32C42264FCE5C00DD7824 /* FirebaseAuth */,
				BAD32C44264FCE5C00DD7824 /* FirebaseAnalyticsSwift-Beta */,
				BAD32C46264FCE5C00DD7824 /* FirebaseFirestore */,
				BA00721C2651C99C001DFFCB /* notion */,
			);
			productName = TransNotion;
			productReference = BA0B34C0264FA4F100774AA0 /* TransNotion.app */;
			productType = "com.apple.product-type.application";
		};
		BA0B34D0264FA4F800774AA0 /* TransNotionTests */ = {
			isa = PBXNativeTarget;
			buildConfigurationList = BA0B34E8264FA4F800774AA0 /* Build configuration list for PBXNativeTarget "TransNotionTests" */;
			buildPhases = (
				BA0B34CD264FA4F800774AA0 /* Sources */,
				BA0B34CE264FA4F800774AA0 /* Frameworks */,
				BA0B34CF264FA4F800774AA0 /* Resources */,
			);
			buildRules = (
			);
			dependencies = (
				BA0B34D3264FA4F800774AA0 /* PBXTargetDependency */,
			);
			name = TransNotionTests;
			productName = TransNotionTests;
			productReference = BA0B34D1264FA4F800774AA0 /* TransNotionTests.xctest */;
			productType = "com.apple.product-type.bundle.unit-test";
		};
		BA0B34DB264FA4F800774AA0 /* TransNotionUITests */ = {
			isa = PBXNativeTarget;
			buildConfigurationList = BA0B34EB264FA4F800774AA0 /* Build configuration list for PBXNativeTarget "TransNotionUITests" */;
			buildPhases = (
				BA0B34D8264FA4F800774AA0 /* Sources */,
				BA0B34D9264FA4F800774AA0 /* Frameworks */,
				BA0B34DA264FA4F800774AA0 /* Resources */,
			);
			buildRules = (
			);
			dependencies = (
				BA0B34DE264FA4F800774AA0 /* PBXTargetDependency */,
			);
			name = TransNotionUITests;
			productName = TransNotionUITests;
			productReference = BA0B34DC264FA4F800774AA0 /* TransNotionUITests.xctest */;
			productType = "com.apple.product-type.bundle.ui-testing";
		};
/* End PBXNativeTarget section */

/* Begin PBXProject section */
		BA0B34B8264FA4F100774AA0 /* Project object */ = {
			isa = PBXProject;
			attributes = {
				LastSwiftUpdateCheck = 1240;
				LastUpgradeCheck = 1240;
				TargetAttributes = {
					BA0B34BF264FA4F100774AA0 = {
						CreatedOnToolsVersion = 12.4;
					};
					BA0B34D0264FA4F800774AA0 = {
						CreatedOnToolsVersion = 12.4;
						TestTargetID = BA0B34BF264FA4F100774AA0;
					};
					BA0B34DB264FA4F800774AA0 = {
						CreatedOnToolsVersion = 12.4;
						TestTargetID = BA0B34BF264FA4F100774AA0;
					};
				};
			};
			buildConfigurationList = BA0B34BB264FA4F100774AA0 /* Build configuration list for PBXProject "TransNotion" */;
			compatibilityVersion = "Xcode 9.3";
			developmentRegion = en;
			hasScannedForEncodings = 0;
			knownRegions = (
				en,
				Base,
				ja,
			);
			mainGroup = BA0B34B7264FA4F100774AA0;
			packageReferences = (
				BAD32C3D264FCE5C00DD7824 /* XCRemoteSwiftPackageReference "firebase-ios-sdk" */,
				BA00721B2651C99C001DFFCB /* XCRemoteSwiftPackageReference "notion" */,
			);
			productRefGroup = BA0B34C1264FA4F100774AA0 /* Products */;
			projectDirPath = "";
			projectRoot = "";
			targets = (
				BA0B34BF264FA4F100774AA0 /* TransNotion */,
				BA0B34D0264FA4F800774AA0 /* TransNotionTests */,
				BA0B34DB264FA4F800774AA0 /* TransNotionUITests */,
			);
		};
/* End PBXProject section */

/* Begin PBXResourcesBuildPhase section */
		BA0B34BE264FA4F100774AA0 /* Resources */ = {
			isa = PBXResourcesBuildPhase;
			buildActionMask = 2147483647;
			files = (
				BA00718D26508564001DFFCB /* Debug.xcconfig in Resources */,
				BA0071E92650A401001DFFCB /* GoogleService-Info-dev.plist in Resources */,
				BA0B34CB264FA4F800774AA0 /* Preview Assets.xcassets in Resources */,
				BACEC6EF264FF9430070D31B /* Localizable.strings in Resources */,
				BA0B34C8264FA4F800774AA0 /* Assets.xcassets in Resources */,
				BA00718F26508564001DFFCB /* Debug-Secret.xcconfig in Resources */,
				BA00719026508564001DFFCB /* Release-Secret.xcconfig in Resources */,
				BA00718E26508564001DFFCB /* Release.xcconfig in Resources */,
			);
			runOnlyForDeploymentPostprocessing = 0;
		};
		BA0B34CF264FA4F800774AA0 /* Resources */ = {
			isa = PBXResourcesBuildPhase;
			buildActionMask = 2147483647;
			files = (
			);
			runOnlyForDeploymentPostprocessing = 0;
		};
		BA0B34DA264FA4F800774AA0 /* Resources */ = {
			isa = PBXResourcesBuildPhase;
			buildActionMask = 2147483647;
			files = (
			);
			runOnlyForDeploymentPostprocessing = 0;
		};
/* End PBXResourcesBuildPhase section */

/* Begin PBXSourcesBuildPhase section */
		BA0B34BC264FA4F100774AA0 /* Sources */ = {
			isa = PBXSourcesBuildPhase;
			buildActionMask = 2147483647;
			files = (
				BA0071F126511CFC001DFFCB /* LocalStore.swift in Sources */,
				BACEC6C2264FF4B90070D31B /* LoginView.swift in Sources */,
				BACEC6E1264FF7EB0070D31B /* Color+Extension.swift in Sources */,
				BACEC6D2264FF5030070D31B /* Database.swift in Sources */,
				BA00720B26512E89001DFFCB /* JSONCoder+Extension.swift in Sources */,
				BA0071A826509001001DFFCB /* Environment+Window.swift in Sources */,
				BACEC6CF264FF5030070D31B /* DatabaseEntity.swift in Sources */,
				BACEC6D0264FF5030070D31B /* DocumentReference+Combine.swift in Sources */,
				BAD32C4D264FDDAB00DD7824 /* AppDelegate.swift in Sources */,
				BACEC6BD264FF4AC0070D31B /* ContentView.swift in Sources */,
				BA00719F2650886C001DFFCB /* OAuth.swift in Sources */,
				BA00720226512D63001DFFCB /* ErrorLogger.swift in Sources */,
				BA0071FC26512C9C001DFFCB /* Credential.swift in Sources */,
				BACEC6DB264FF54B0070D31B /* User.swift in Sources */,
				BACEC6CE264FF5030070D31B /* DatabasePathBuilder.swift in Sources */,
				BA0B34C6264FA4F100774AA0 /* RootView.swift in Sources */,
				BACEC6D1264FF5030070D31B /* CollectionReference+Combine.swift in Sources */,
				BACEC6DA264FF54B0070D31B /* Me.swift in Sources */,
				BAD32BE3264FC50B00DD7824 /* Secret.swift in Sources */,
				BA0B34C4264FA4F100774AA0 /* TransNotionApp.swift in Sources */,
				BACEC6D3264FF5030070D31B /* Auth.swift in Sources */,
			);
			runOnlyForDeploymentPostprocessing = 0;
		};
		BA0B34CD264FA4F800774AA0 /* Sources */ = {
			isa = PBXSourcesBuildPhase;
			buildActionMask = 2147483647;
			files = (
				BA0B34D6264FA4F800774AA0 /* TransNotionTests.swift in Sources */,
			);
			runOnlyForDeploymentPostprocessing = 0;
		};
		BA0B34D8264FA4F800774AA0 /* Sources */ = {
			isa = PBXSourcesBuildPhase;
			buildActionMask = 2147483647;
			files = (
				BA0B34E1264FA4F800774AA0 /* TransNotionUITests.swift in Sources */,
			);
			runOnlyForDeploymentPostprocessing = 0;
		};
/* End PBXSourcesBuildPhase section */

/* Begin PBXTargetDependency section */
		BA0B34D3264FA4F800774AA0 /* PBXTargetDependency */ = {
			isa = PBXTargetDependency;
			target = BA0B34BF264FA4F100774AA0 /* TransNotion */;
			targetProxy = BA0B34D2264FA4F800774AA0 /* PBXContainerItemProxy */;
		};
		BA0B34DE264FA4F800774AA0 /* PBXTargetDependency */ = {
			isa = PBXTargetDependency;
			target = BA0B34BF264FA4F100774AA0 /* TransNotion */;
			targetProxy = BA0B34DD264FA4F800774AA0 /* PBXContainerItemProxy */;
		};
/* End PBXTargetDependency section */

/* Begin PBXVariantGroup section */
		BACEC6F1264FF9430070D31B /* Localizable.strings */ = {
			isa = PBXVariantGroup;
			children = (
				BACEC6F0264FF9430070D31B /* en */,
				BACEC6F5264FF9690070D31B /* ja */,
			);
			name = Localizable.strings;
			sourceTree = "<group>";
		};
/* End PBXVariantGroup section */

/* Begin XCBuildConfiguration section */
		BA0B34E3264FA4F800774AA0 /* Debug */ = {
			isa = XCBuildConfiguration;
			baseConfigurationReference = BA00718926508564001DFFCB /* Debug.xcconfig */;
			buildSettings = {
				ALWAYS_SEARCH_USER_PATHS = NO;
				CLANG_ANALYZER_LOCALIZABILITY_NONLOCALIZED = YES;
				CLANG_ANALYZER_NONNULL = YES;
				CLANG_ANALYZER_NUMBER_OBJECT_CONVERSION = YES_AGGRESSIVE;
				CLANG_CXX_LANGUAGE_STANDARD = "gnu++14";
				CLANG_CXX_LIBRARY = "libc++";
				CLANG_ENABLE_MODULES = YES;
				CLANG_ENABLE_OBJC_ARC = YES;
				CLANG_ENABLE_OBJC_WEAK = YES;
				CLANG_WARN_BLOCK_CAPTURE_AUTORELEASING = YES;
				CLANG_WARN_BOOL_CONVERSION = YES;
				CLANG_WARN_COMMA = YES;
				CLANG_WARN_CONSTANT_CONVERSION = YES;
				CLANG_WARN_DEPRECATED_OBJC_IMPLEMENTATIONS = YES;
				CLANG_WARN_DIRECT_OBJC_ISA_USAGE = YES_ERROR;
				CLANG_WARN_DOCUMENTATION_COMMENTS = YES;
				CLANG_WARN_EMPTY_BODY = YES;
				CLANG_WARN_ENUM_CONVERSION = YES;
				CLANG_WARN_INFINITE_RECURSION = YES;
				CLANG_WARN_INT_CONVERSION = YES;
				CLANG_WARN_NON_LITERAL_NULL_CONVERSION = YES;
				CLANG_WARN_OBJC_IMPLICIT_RETAIN_SELF = YES;
				CLANG_WARN_OBJC_LITERAL_CONVERSION = YES;
				CLANG_WARN_OBJC_ROOT_CLASS = YES_ERROR;
				CLANG_WARN_QUOTED_INCLUDE_IN_FRAMEWORK_HEADER = YES;
				CLANG_WARN_RANGE_LOOP_ANALYSIS = YES;
				CLANG_WARN_STRICT_PROTOTYPES = YES;
				CLANG_WARN_SUSPICIOUS_MOVE = YES;
				CLANG_WARN_UNGUARDED_AVAILABILITY = YES_AGGRESSIVE;
				CLANG_WARN_UNREACHABLE_CODE = YES;
				CLANG_WARN__DUPLICATE_METHOD_MATCH = YES;
				COPY_PHASE_STRIP = NO;
				DEBUG_INFORMATION_FORMAT = dwarf;
				ENABLE_STRICT_OBJC_MSGSEND = YES;
				ENABLE_TESTABILITY = YES;
				GCC_C_LANGUAGE_STANDARD = gnu11;
				GCC_DYNAMIC_NO_PIC = NO;
				GCC_NO_COMMON_BLOCKS = YES;
				GCC_OPTIMIZATION_LEVEL = 0;
				GCC_PREPROCESSOR_DEFINITIONS = (
					"DEBUG=1",
					"$(inherited)",
				);
				GCC_WARN_64_TO_32_BIT_CONVERSION = YES;
				GCC_WARN_ABOUT_RETURN_TYPE = YES_ERROR;
				GCC_WARN_UNDECLARED_SELECTOR = YES;
				GCC_WARN_UNINITIALIZED_AUTOS = YES_AGGRESSIVE;
				GCC_WARN_UNUSED_FUNCTION = YES;
				GCC_WARN_UNUSED_VARIABLE = YES;
				IPHONEOS_DEPLOYMENT_TARGET = 14.4;
				MTL_ENABLE_DEBUG_INFO = INCLUDE_SOURCE;
				MTL_FAST_MATH = YES;
				ONLY_ACTIVE_ARCH = YES;
				SDKROOT = iphoneos;
				SWIFT_ACTIVE_COMPILATION_CONDITIONS = DEBUG;
				SWIFT_OPTIMIZATION_LEVEL = "-Onone";
			};
			name = Debug;
		};
		BA0B34E4264FA4F800774AA0 /* Release */ = {
			isa = XCBuildConfiguration;
			baseConfigurationReference = BA00718A26508564001DFFCB /* Release.xcconfig */;
			buildSettings = {
				ALWAYS_SEARCH_USER_PATHS = NO;
				CLANG_ANALYZER_LOCALIZABILITY_NONLOCALIZED = YES;
				CLANG_ANALYZER_NONNULL = YES;
				CLANG_ANALYZER_NUMBER_OBJECT_CONVERSION = YES_AGGRESSIVE;
				CLANG_CXX_LANGUAGE_STANDARD = "gnu++14";
				CLANG_CXX_LIBRARY = "libc++";
				CLANG_ENABLE_MODULES = YES;
				CLANG_ENABLE_OBJC_ARC = YES;
				CLANG_ENABLE_OBJC_WEAK = YES;
				CLANG_WARN_BLOCK_CAPTURE_AUTORELEASING = YES;
				CLANG_WARN_BOOL_CONVERSION = YES;
				CLANG_WARN_COMMA = YES;
				CLANG_WARN_CONSTANT_CONVERSION = YES;
				CLANG_WARN_DEPRECATED_OBJC_IMPLEMENTATIONS = YES;
				CLANG_WARN_DIRECT_OBJC_ISA_USAGE = YES_ERROR;
				CLANG_WARN_DOCUMENTATION_COMMENTS = YES;
				CLANG_WARN_EMPTY_BODY = YES;
				CLANG_WARN_ENUM_CONVERSION = YES;
				CLANG_WARN_INFINITE_RECURSION = YES;
				CLANG_WARN_INT_CONVERSION = YES;
				CLANG_WARN_NON_LITERAL_NULL_CONVERSION = YES;
				CLANG_WARN_OBJC_IMPLICIT_RETAIN_SELF = YES;
				CLANG_WARN_OBJC_LITERAL_CONVERSION = YES;
				CLANG_WARN_OBJC_ROOT_CLASS = YES_ERROR;
				CLANG_WARN_QUOTED_INCLUDE_IN_FRAMEWORK_HEADER = YES;
				CLANG_WARN_RANGE_LOOP_ANALYSIS = YES;
				CLANG_WARN_STRICT_PROTOTYPES = YES;
				CLANG_WARN_SUSPICIOUS_MOVE = YES;
				CLANG_WARN_UNGUARDED_AVAILABILITY = YES_AGGRESSIVE;
				CLANG_WARN_UNREACHABLE_CODE = YES;
				CLANG_WARN__DUPLICATE_METHOD_MATCH = YES;
				COPY_PHASE_STRIP = NO;
				DEBUG_INFORMATION_FORMAT = "dwarf-with-dsym";
				ENABLE_NS_ASSERTIONS = NO;
				ENABLE_STRICT_OBJC_MSGSEND = YES;
				GCC_C_LANGUAGE_STANDARD = gnu11;
				GCC_NO_COMMON_BLOCKS = YES;
				GCC_WARN_64_TO_32_BIT_CONVERSION = YES;
				GCC_WARN_ABOUT_RETURN_TYPE = YES_ERROR;
				GCC_WARN_UNDECLARED_SELECTOR = YES;
				GCC_WARN_UNINITIALIZED_AUTOS = YES_AGGRESSIVE;
				GCC_WARN_UNUSED_FUNCTION = YES;
				GCC_WARN_UNUSED_VARIABLE = YES;
				IPHONEOS_DEPLOYMENT_TARGET = 14.4;
				MTL_ENABLE_DEBUG_INFO = NO;
				MTL_FAST_MATH = YES;
				SDKROOT = iphoneos;
				SWIFT_COMPILATION_MODE = wholemodule;
				SWIFT_OPTIMIZATION_LEVEL = "-O";
				VALIDATE_PRODUCT = YES;
			};
			name = Release;
		};
		BA0B34E6264FA4F800774AA0 /* Debug */ = {
			isa = XCBuildConfiguration;
			buildSettings = {
				ASSETCATALOG_COMPILER_APPICON_NAME = AppIcon;
				ASSETCATALOG_COMPILER_GLOBAL_ACCENT_COLOR_NAME = AccentColor;
				CODE_SIGN_STYLE = Automatic;
				DEVELOPMENT_ASSET_PATHS = "\"TransNotion/Preview Content\"";
				DEVELOPMENT_TEAM = TQPN82UBBY;
				ENABLE_PREVIEWS = YES;
				INFOPLIST_FILE = TransNotion/Info.plist;
				IPHONEOS_DEPLOYMENT_TARGET = 14.0;
				LD_RUNPATH_SEARCH_PATHS = (
					"$(inherited)",
					"@executable_path/Frameworks",
				);
				PRODUCT_BUNDLE_IDENTIFIER = com.bannzai.transnotion;
				PRODUCT_NAME = "$(TARGET_NAME)";
				SWIFT_VERSION = 5.0;
				TARGETED_DEVICE_FAMILY = "1,2";
			};
			name = Debug;
		};
		BA0B34E7264FA4F800774AA0 /* Release */ = {
			isa = XCBuildConfiguration;
			buildSettings = {
				ASSETCATALOG_COMPILER_APPICON_NAME = AppIcon;
				ASSETCATALOG_COMPILER_GLOBAL_ACCENT_COLOR_NAME = AccentColor;
				CODE_SIGN_STYLE = Automatic;
				DEVELOPMENT_ASSET_PATHS = "\"TransNotion/Preview Content\"";
				DEVELOPMENT_TEAM = TQPN82UBBY;
				ENABLE_PREVIEWS = YES;
				INFOPLIST_FILE = TransNotion/Info.plist;
				IPHONEOS_DEPLOYMENT_TARGET = 14.0;
				LD_RUNPATH_SEARCH_PATHS = (
					"$(inherited)",
					"@executable_path/Frameworks",
				);
				PRODUCT_BUNDLE_IDENTIFIER = com.bannzai.transnotion;
				PRODUCT_NAME = "$(TARGET_NAME)";
				SWIFT_VERSION = 5.0;
				TARGETED_DEVICE_FAMILY = "1,2";
			};
			name = Release;
		};
		BA0B34E9264FA4F800774AA0 /* Debug */ = {
			isa = XCBuildConfiguration;
			buildSettings = {
				ALWAYS_EMBED_SWIFT_STANDARD_LIBRARIES = YES;
				BUNDLE_LOADER = "$(TEST_HOST)";
				CODE_SIGN_STYLE = Automatic;
				DEVELOPMENT_TEAM = TQPN82UBBY;
				INFOPLIST_FILE = TransNotionTests/Info.plist;
				IPHONEOS_DEPLOYMENT_TARGET = 14.0;
				LD_RUNPATH_SEARCH_PATHS = (
					"$(inherited)",
					"@executable_path/Frameworks",
					"@loader_path/Frameworks",
				);
				PRODUCT_BUNDLE_IDENTIFIER = com.bannzai.transnotion.TransNotionTests;
				PRODUCT_NAME = "$(TARGET_NAME)";
				SWIFT_VERSION = 5.0;
				TARGETED_DEVICE_FAMILY = "1,2";
				TEST_HOST = "$(BUILT_PRODUCTS_DIR)/TransNotion.app/TransNotion";
			};
			name = Debug;
		};
		BA0B34EA264FA4F800774AA0 /* Release */ = {
			isa = XCBuildConfiguration;
			buildSettings = {
				ALWAYS_EMBED_SWIFT_STANDARD_LIBRARIES = YES;
				BUNDLE_LOADER = "$(TEST_HOST)";
				CODE_SIGN_STYLE = Automatic;
				DEVELOPMENT_TEAM = TQPN82UBBY;
				INFOPLIST_FILE = TransNotionTests/Info.plist;
				IPHONEOS_DEPLOYMENT_TARGET = 14.0;
				LD_RUNPATH_SEARCH_PATHS = (
					"$(inherited)",
					"@executable_path/Frameworks",
					"@loader_path/Frameworks",
				);
				PRODUCT_BUNDLE_IDENTIFIER = com.bannzai.transnotion.TransNotionTests;
				PRODUCT_NAME = "$(TARGET_NAME)";
				SWIFT_VERSION = 5.0;
				TARGETED_DEVICE_FAMILY = "1,2";
				TEST_HOST = "$(BUILT_PRODUCTS_DIR)/TransNotion.app/TransNotion";
			};
			name = Release;
		};
		BA0B34EC264FA4F800774AA0 /* Debug */ = {
			isa = XCBuildConfiguration;
			buildSettings = {
				ALWAYS_EMBED_SWIFT_STANDARD_LIBRARIES = YES;
				CODE_SIGN_STYLE = Automatic;
				DEVELOPMENT_TEAM = TQPN82UBBY;
				INFOPLIST_FILE = TransNotionUITests/Info.plist;
				LD_RUNPATH_SEARCH_PATHS = (
					"$(inherited)",
					"@executable_path/Frameworks",
					"@loader_path/Frameworks",
				);
				PRODUCT_BUNDLE_IDENTIFIER = com.bannzai.transnotion.TransNotionUITests;
				PRODUCT_NAME = "$(TARGET_NAME)";
				SWIFT_VERSION = 5.0;
				TARGETED_DEVICE_FAMILY = "1,2";
				TEST_TARGET_NAME = TransNotion;
			};
			name = Debug;
		};
		BA0B34ED264FA4F800774AA0 /* Release */ = {
			isa = XCBuildConfiguration;
			buildSettings = {
				ALWAYS_EMBED_SWIFT_STANDARD_LIBRARIES = YES;
				CODE_SIGN_STYLE = Automatic;
				DEVELOPMENT_TEAM = TQPN82UBBY;
				INFOPLIST_FILE = TransNotionUITests/Info.plist;
				LD_RUNPATH_SEARCH_PATHS = (
					"$(inherited)",
					"@executable_path/Frameworks",
					"@loader_path/Frameworks",
				);
				PRODUCT_BUNDLE_IDENTIFIER = com.bannzai.transnotion.TransNotionUITests;
				PRODUCT_NAME = "$(TARGET_NAME)";
				SWIFT_VERSION = 5.0;
				TARGETED_DEVICE_FAMILY = "1,2";
				TEST_TARGET_NAME = TransNotion;
			};
			name = Release;
		};
/* End XCBuildConfiguration section */

/* Begin XCConfigurationList section */
		BA0B34BB264FA4F100774AA0 /* Build configuration list for PBXProject "TransNotion" */ = {
			isa = XCConfigurationList;
			buildConfigurations = (
				BA0B34E3264FA4F800774AA0 /* Debug */,
				BA0B34E4264FA4F800774AA0 /* Release */,
			);
			defaultConfigurationIsVisible = 0;
			defaultConfigurationName = Release;
		};
		BA0B34E5264FA4F800774AA0 /* Build configuration list for PBXNativeTarget "TransNotion" */ = {
			isa = XCConfigurationList;
			buildConfigurations = (
				BA0B34E6264FA4F800774AA0 /* Debug */,
				BA0B34E7264FA4F800774AA0 /* Release */,
			);
			defaultConfigurationIsVisible = 0;
			defaultConfigurationName = Release;
		};
		BA0B34E8264FA4F800774AA0 /* Build configuration list for PBXNativeTarget "TransNotionTests" */ = {
			isa = XCConfigurationList;
			buildConfigurations = (
				BA0B34E9264FA4F800774AA0 /* Debug */,
				BA0B34EA264FA4F800774AA0 /* Release */,
			);
			defaultConfigurationIsVisible = 0;
			defaultConfigurationName = Release;
		};
		BA0B34EB264FA4F800774AA0 /* Build configuration list for PBXNativeTarget "TransNotionUITests" */ = {
			isa = XCConfigurationList;
			buildConfigurations = (
				BA0B34EC264FA4F800774AA0 /* Debug */,
				BA0B34ED264FA4F800774AA0 /* Release */,
			);
			defaultConfigurationIsVisible = 0;
			defaultConfigurationName = Release;
		};
/* End XCConfigurationList section */

/* Begin XCRemoteSwiftPackageReference section */
		BA00721B2651C99C001DFFCB /* XCRemoteSwiftPackageReference "notion" */ = {
			isa = XCRemoteSwiftPackageReference;
			repositoryURL = "git@github.com:noppefoxwolf/notion.git";
			requirement = {
				kind = upToNextMajorVersion;
				minimumVersion = 0.1.1;
			};
		};
		BAD32C3D264FCE5C00DD7824 /* XCRemoteSwiftPackageReference "firebase-ios-sdk" */ = {
			isa = XCRemoteSwiftPackageReference;
			repositoryURL = "https://github.com/firebase/firebase-ios-sdk.git";
			requirement = {
				kind = upToNextMajorVersion;
				minimumVersion = 8.0.0;
			};
		};
/* End XCRemoteSwiftPackageReference section */

/* Begin XCSwiftPackageProductDependency section */
		BA00721C2651C99C001DFFCB /* notion */ = {
			isa = XCSwiftPackageProductDependency;
			package = BA00721B2651C99C001DFFCB /* XCRemoteSwiftPackageReference "notion" */;
			productName = notion;
		};
		BAD32C3E264FCE5C00DD7824 /* FirebaseFirestoreSwift-Beta */ = {
			isa = XCSwiftPackageProductDependency;
			package = BAD32C3D264FCE5C00DD7824 /* XCRemoteSwiftPackageReference "firebase-ios-sdk" */;
			productName = "FirebaseFirestoreSwift-Beta";
		};
		BAD32C40264FCE5C00DD7824 /* FirebaseCrashlytics */ = {
			isa = XCSwiftPackageProductDependency;
			package = BAD32C3D264FCE5C00DD7824 /* XCRemoteSwiftPackageReference "firebase-ios-sdk" */;
			productName = FirebaseCrashlytics;
		};
		BAD32C42264FCE5C00DD7824 /* FirebaseAuth */ = {
			isa = XCSwiftPackageProductDependency;
			package = BAD32C3D264FCE5C00DD7824 /* XCRemoteSwiftPackageReference "firebase-ios-sdk" */;
			productName = FirebaseAuth;
		};
		BAD32C44264FCE5C00DD7824 /* FirebaseAnalyticsSwift-Beta */ = {
			isa = XCSwiftPackageProductDependency;
			package = BAD32C3D264FCE5C00DD7824 /* XCRemoteSwiftPackageReference "firebase-ios-sdk" */;
			productName = "FirebaseAnalyticsSwift-Beta";
		};
		BAD32C46264FCE5C00DD7824 /* FirebaseFirestore */ = {
			isa = XCSwiftPackageProductDependency;
			package = BAD32C3D264FCE5C00DD7824 /* XCRemoteSwiftPackageReference "firebase-ios-sdk" */;
			productName = FirebaseFirestore;
		};
/* End XCSwiftPackageProductDependency section */
	};
	rootObject = BA0B34B8264FA4F100774AA0 /* Project object */;
}
